{
    "_readme": [
        "This file locks the dependencies of your project to a known state",
        "Read more about it at https://getcomposer.org/doc/01-basic-usage.md#installing-dependencies",
        "This file is @generated automatically"
    ],
    "content-hash": "65b3bbf15fbca0f84c575828d9925680",
    "packages": [
        {
            "name": "fivefilters/readability.php",
            "version": "v3.1.7",
            "source": {
                "type": "git",
                "url": "https://github.com/fivefilters/readability.php.git",
                "reference": "62b04e8f45a1cfe272608e018e4593ecf22a2201"
            },
            "dist": {
                "type": "zip",
                "url": "https://api.github.com/repos/fivefilters/readability.php/zipball/62b04e8f45a1cfe272608e018e4593ecf22a2201",
                "reference": "62b04e8f45a1cfe272608e018e4593ecf22a2201",
                "shasum": ""
            },
            "require": {
                "ext-dom": "*",
                "ext-mbstring": "*",
                "ext-xml": "*",
                "league/uri": "~6.7.2",
                "masterminds/html5": "^2.0",
                "php": ">=7.4.0",
                "psr/log": "^1.0 || ^2.0 || ^3.0"
            },
            "require-dev": {
                "monolog/monolog": "^2.3",
                "phpunit/phpunit": "^9"
            },
            "suggest": {
                "monolog/monolog": "Allow logging debug information"
            },
            "type": "library",
            "autoload": {
                "psr-4": {
                    "fivefilters\\Readability\\": "src/"
                }
            },
            "notification-url": "https://packagist.org/downloads/",
            "license": [
                "Apache-2.0"
            ],
            "authors": [
                {
                    "name": "Andres Rey",
                    "email": "andreskrey@gmail.com",
                    "role": "Original Developer"
                },
                {
                    "name": "Keyvan Minoukadeh",
                    "email": "keyvan@fivefilters.org",
                    "homepage": "https://www.fivefilters.org",
                    "role": "Developer/Maintainer"
                }
            ],
            "description": "A PHP port of Readability.js",
            "homepage": "https://github.com/fivefilters/readability.php",
            "keywords": [
                "html",
                "readability"
            ],
            "support": {
                "issues": "https://github.com/fivefilters/readability.php/issues",
                "source": "https://github.com/fivefilters/readability.php/tree/v3.1.7"
            },
            "time": "2024-04-21T00:36:52+00:00"
        },
        {
            "name": "forensic/feed-parser",
            "version": "v1.2.2",
            "source": {
                "type": "git",
                "url": "https://github.com/teclone/php-feed-parser.git",
                "reference": "68f56730a92decb8f196d7b15470483071f48060"
            },
            "dist": {
                "type": "zip",
                "url": "https://api.github.com/repos/teclone/php-feed-parser/zipball/68f56730a92decb8f196d7b15470483071f48060",
                "reference": "68f56730a92decb8f196d7b15470483071f48060",
                "shasum": ""
            },
            "require": {
                "php": ">=7.1"
            },
            "require-dev": {
                "php-coveralls/php-coveralls": "^2.1",
                "phpunit/phpunit": "^7.3",
                "squizlabs/php_codesniffer": "^3.3"
            },
            "type": "library",
            "autoload": {
                "psr-4": {
                    "Forensic\\FeedParser\\": "src"
                }
            },
            "notification-url": "https://packagist.org/downloads/",
            "license": [
                "MIT"
            ],
            "authors": [
                {
                    "name": "Harrison Ifeanyichukwu",
                    "email": "harrisonifeanyichukwu@gmail.com"
                }
            ],
            "description": "A fully integrated ATOM, RSS and RDF syndication feed parser",
            "support": {
                "issues": "https://github.com/teclone/php-feed-parser/issues",
                "source": "https://github.com/teclone/php-feed-parser/tree/master"
            },
            "time": "2020-06-11T22:21:31+00:00"
        },
        {
            "name": "hieu-le/wordpress-xmlrpc-client",
            "version": "2.6.0",
            "source": {
                "type": "git",
                "url": "https://github.com/letrunghieu/wordpress-xmlrpc-client.git",
                "reference": "4eced3821b41ba21ce314569b79d7302d65f4b16"
            },
            "dist": {
                "type": "zip",
                "url": "https://api.github.com/repos/letrunghieu/wordpress-xmlrpc-client/zipball/4eced3821b41ba21ce314569b79d7302d65f4b16",
                "reference": "4eced3821b41ba21ce314569b79d7302d65f4b16",
                "shasum": ""
            },
            "require": {
                "ext-xmlrpc": "*",
                "php": ">=5.3.0"
            },
            "require-dev": {
                "codeclimate/php-test-reporter": "dev-master",
                "illuminate/support": "~4.0",
                "php-vcr/php-vcr": "^1.0",
                "php-vcr/phpunit-testlistener-vcr": "*",
                "phpunit/phpunit": "*",
                "symfony/yaml": "2.*"
            },
            "type": "library",
            "autoload": {
                "psr-4": {
                    "HieuLe\\WordpressXmlrpcClient\\": "src/"
                }
            },
            "notification-url": "https://packagist.org/downloads/",
            "license": [
                "MIT"
            ],
            "authors": [
                {
                    "name": "Hieu Le",
                    "email": "letrunghieu.cse09@gmail.com",
                    "homepage": "http://www.hieule.info"
                }
            ],
            "description": "A PHP client for Wordpress websites that closely implement the XML-RPC WordPress API with full test suite built in",
            "keywords": [
                "api",
                "client",
                "remote",
                "wordpress",
                "xmlrpc"
            ],
            "support": {
                "issues": "https://github.com/letrunghieu/wordpress-xmlrpc-client/issues",
                "source": "https://github.com/letrunghieu/wordpress-xmlrpc-client/tree/2.6.0"
            },
            "time": "2020-12-03T14:13:29+00:00"
        },
        {
            "name": "league/uri",
            "version": "6.7.2",
            "source": {
                "type": "git",
                "url": "https://github.com/thephpleague/uri.git",
                "reference": "d3b50812dd51f3fbf176344cc2981db03d10fe06"
            },
            "dist": {
                "type": "zip",
                "url": "https://api.github.com/repos/thephpleague/uri/zipball/d3b50812dd51f3fbf176344cc2981db03d10fe06",
                "reference": "d3b50812dd51f3fbf176344cc2981db03d10fe06",
                "shasum": ""
            },
            "require": {
                "ext-json": "*",
                "league/uri-interfaces": "^2.3",
                "php": "^7.4 || ^8.0",
                "psr/http-message": "^1.0"
            },
            "conflict": {
                "league/uri-schemes": "^1.0"
            },
            "require-dev": {
                "friendsofphp/php-cs-fixer": "^v3.3.2",
                "nyholm/psr7": "^1.5",
                "php-http/psr7-integration-tests": "^1.1",
                "phpstan/phpstan": "^1.2.0",
                "phpstan/phpstan-deprecation-rules": "^1.0",
                "phpstan/phpstan-phpunit": "^1.0.0",
                "phpstan/phpstan-strict-rules": "^1.1.0",
                "phpunit/phpunit": "^9.5.10",
                "psr/http-factory": "^1.0"
            },
            "suggest": {
                "ext-fileinfo": "Needed to create Data URI from a filepath",
                "ext-intl": "Needed to improve host validation",
                "league/uri-components": "Needed to easily manipulate URI objects",
                "psr/http-factory": "Needed to use the URI factory"
            },
            "type": "library",
            "extra": {
                "branch-alias": {
                    "dev-master": "6.x-dev"
                }
            },
            "autoload": {
                "psr-4": {
                    "League\\Uri\\": "src"
                }
            },
            "notification-url": "https://packagist.org/downloads/",
            "license": [
                "MIT"
            ],
            "authors": [
                {
                    "name": "Ignace Nyamagana Butera",
                    "email": "nyamsprod@gmail.com",
                    "homepage": "https://nyamsprod.com"
                }
            ],
            "description": "URI manipulation library",
            "homepage": "https://uri.thephpleague.com",
            "keywords": [
                "data-uri",
                "file-uri",
                "ftp",
                "hostname",
                "http",
                "https",
                "middleware",
                "parse_str",
                "parse_url",
                "psr-7",
                "query-string",
                "querystring",
                "rfc3986",
                "rfc3987",
                "rfc6570",
                "uri",
                "uri-template",
                "url",
                "ws"
            ],
            "support": {
                "docs": "https://uri.thephpleague.com",
                "forum": "https://thephpleague.slack.com",
                "issues": "https://github.com/thephpleague/uri/issues",
                "source": "https://github.com/thephpleague/uri/tree/6.7.2"
            },
            "funding": [
                {
                    "url": "https://github.com/sponsors/nyamsprod",
                    "type": "github"
                }
            ],
            "time": "2022-09-13T19:50:42+00:00"
        },
        {
            "name": "league/uri-interfaces",
            "version": "2.3.0",
            "source": {
                "type": "git",
                "url": "https://github.com/thephpleague/uri-interfaces.git",
                "reference": "00e7e2943f76d8cb50c7dfdc2f6dee356e15e383"
            },
            "dist": {
                "type": "zip",
                "url": "https://api.github.com/repos/thephpleague/uri-interfaces/zipball/00e7e2943f76d8cb50c7dfdc2f6dee356e15e383",
                "reference": "00e7e2943f76d8cb50c7dfdc2f6dee356e15e383",
                "shasum": ""
            },
            "require": {
                "ext-json": "*",
                "php": "^7.2 || ^8.0"
            },
            "require-dev": {
                "friendsofphp/php-cs-fixer": "^2.19",
                "phpstan/phpstan": "^0.12.90",
                "phpstan/phpstan-phpunit": "^0.12.19",
                "phpstan/phpstan-strict-rules": "^0.12.9",
                "phpunit/phpunit": "^8.5.15 || ^9.5"
            },
            "suggest": {
                "ext-intl": "to use the IDNA feature",
                "symfony/intl": "to use the IDNA feature via Symfony Polyfill"
            },
            "type": "library",
            "extra": {
                "branch-alias": {
                    "dev-master": "2.x-dev"
                }
            },
            "autoload": {
                "psr-4": {
                    "League\\Uri\\": "src/"
                }
            },
            "notification-url": "https://packagist.org/downloads/",
            "license": [
                "MIT"
            ],
            "authors": [
                {
                    "name": "Ignace Nyamagana Butera",
                    "email": "nyamsprod@gmail.com",
                    "homepage": "https://nyamsprod.com"
                }
            ],
            "description": "Common interface for URI representation",
            "homepage": "http://github.com/thephpleague/uri-interfaces",
            "keywords": [
                "rfc3986",
                "rfc3987",
                "uri",
                "url"
            ],
            "support": {
                "issues": "https://github.com/thephpleague/uri-interfaces/issues",
                "source": "https://github.com/thephpleague/uri-interfaces/tree/2.3.0"
            },
            "funding": [
                {
                    "url": "https://github.com/sponsors/nyamsprod",
                    "type": "github"
                }
            ],
            "time": "2021-06-28T04:27:21+00:00"
        },
        {
            "name": "masterminds/html5",
            "version": "2.9.0",
            "source": {
                "type": "git",
                "url": "https://github.com/Masterminds/html5-php.git",
                "reference": "f5ac2c0b0a2eefca70b2ce32a5809992227e75a6"
            },
            "dist": {
                "type": "zip",
                "url": "https://api.github.com/repos/Masterminds/html5-php/zipball/f5ac2c0b0a2eefca70b2ce32a5809992227e75a6",
                "reference": "f5ac2c0b0a2eefca70b2ce32a5809992227e75a6",
                "shasum": ""
            },
            "require": {
                "ext-dom": "*",
                "php": ">=5.3.0"
            },
            "require-dev": {
                "phpunit/phpunit": "^4.8.35 || ^5.7.21 || ^6 || ^7 || ^8 || ^9"
            },
            "type": "library",
            "extra": {
                "branch-alias": {
                    "dev-master": "2.7-dev"
                }
            },
            "autoload": {
                "psr-4": {
                    "Masterminds\\": "src"
                }
            },
            "notification-url": "https://packagist.org/downloads/",
            "license": [
                "MIT"
            ],
            "authors": [
                {
                    "name": "Matt Butcher",
                    "email": "technosophos@gmail.com"
                },
                {
                    "name": "Matt Farina",
                    "email": "matt@mattfarina.com"
                },
                {
                    "name": "Asmir Mustafic",
                    "email": "goetas@gmail.com"
                }
            ],
            "description": "An HTML5 parser and serializer.",
            "homepage": "http://masterminds.github.io/html5-php",
            "keywords": [
                "HTML5",
                "dom",
                "html",
                "parser",
                "querypath",
                "serializer",
                "xml"
            ],
            "support": {
                "issues": "https://github.com/Masterminds/html5-php/issues",
                "source": "https://github.com/Masterminds/html5-php/tree/2.9.0"
            },
            "time": "2024-03-31T07:05:07+00:00"
        },
        {
            "name": "monolog/monolog",
            "version": "1.22.0",
            "source": {
                "type": "git",
                "url": "https://github.com/Seldaek/monolog.git",
                "reference": "bad29cb8d18ab0315e6c477751418a82c850d558"
            },
            "dist": {
                "type": "zip",
                "url": "https://api.github.com/repos/Seldaek/monolog/zipball/bad29cb8d18ab0315e6c477751418a82c850d558",
                "reference": "bad29cb8d18ab0315e6c477751418a82c850d558",
                "shasum": ""
            },
            "require": {
                "php": ">=5.3.0",
                "psr/log": "~1.0"
            },
            "provide": {
                "psr/log-implementation": "1.0.0"
            },
            "require-dev": {
                "aws/aws-sdk-php": "^2.4.9 || ^3.0",
                "doctrine/couchdb": "~1.0@dev",
                "graylog2/gelf-php": "~1.0",
                "jakub-onderka/php-parallel-lint": "0.9",
                "php-amqplib/php-amqplib": "~2.4",
                "php-console/php-console": "^3.1.3",
                "phpunit/phpunit": "~4.5",
                "phpunit/phpunit-mock-objects": "2.3.0",
                "ruflin/elastica": ">=0.90 <3.0",
                "sentry/sentry": "^0.13",
                "swiftmailer/swiftmailer": "~5.3"
            },
            "suggest": {
                "aws/aws-sdk-php": "Allow sending log messages to AWS services like DynamoDB",
                "doctrine/couchdb": "Allow sending log messages to a CouchDB server",
                "ext-amqp": "Allow sending log messages to an AMQP server (1.0+ required)",
                "ext-mongo": "Allow sending log messages to a MongoDB server",
                "graylog2/gelf-php": "Allow sending log messages to a GrayLog2 server",
                "mongodb/mongodb": "Allow sending log messages to a MongoDB server via PHP Driver",
                "php-amqplib/php-amqplib": "Allow sending log messages to an AMQP server using php-amqplib",
                "php-console/php-console": "Allow sending log messages to Google Chrome",
                "rollbar/rollbar": "Allow sending log messages to Rollbar",
                "ruflin/elastica": "Allow sending log messages to an Elastic Search server",
                "sentry/sentry": "Allow sending log messages to a Sentry server"
            },
            "type": "library",
            "extra": {
                "branch-alias": {
                    "dev-master": "2.0.x-dev"
                }
            },
            "autoload": {
                "psr-4": {
                    "Monolog\\": "src/Monolog"
                }
            },
            "notification-url": "https://packagist.org/downloads/",
            "license": [
                "MIT"
            ],
            "authors": [
                {
                    "name": "Jordi Boggiano",
                    "email": "j.boggiano@seld.be",
                    "homepage": "http://seld.be"
                }
            ],
            "description": "Sends your logs to files, sockets, inboxes, databases and various web services",
            "homepage": "http://github.com/Seldaek/monolog",
            "keywords": [
                "log",
                "logging",
                "psr-3"
            ],
            "support": {
                "issues": "https://github.com/Seldaek/monolog/issues",
                "source": "https://github.com/Seldaek/monolog/tree/1.22.0"
            },
            "time": "2016-11-26T00:15:39+00:00"
        },
        {
            "name": "phpxmlrpc/phpxmlrpc",
            "version": "4.11.0",
            "source": {
                "type": "git",
                "url": "https://github.com/gggeek/phpxmlrpc.git",
                "reference": "e50480272493d90dd4aca9fb861a9b9ce0ef4729"
            },
            "dist": {
                "type": "zip",
                "url": "https://api.github.com/repos/gggeek/phpxmlrpc/zipball/e50480272493d90dd4aca9fb861a9b9ce0ef4729",
                "reference": "e50480272493d90dd4aca9fb861a9b9ce0ef4729",
                "shasum": ""
            },
            "require": {
                "ext-xml": "*",
                "php": "^5.4.0 || ^7.0 || ^8.0"
            },
            "conflict": {
                "phpxmlrpc/extras": "<= 1.0.0-beta2",
                "phpxmlrpc/jsonrpc": "<= 1.0.0-beta1"
            },
            "require-dev": {
                "ext-curl": "*",
                "ext-dom": "*",
                "ext-mbstring": "*",
                "phpunit/phpunit": "^4.8 || ^5.0 || ^8.5.14",
                "phpunit/phpunit-selenium": "*",
                "yoast/phpunit-polyfills": "*"
            },
            "suggest": {
                "ext-curl": "Needed for HTTPS, HTTP2 and HTTP 1.1 support, NTLM Auth etc...",
                "ext-mbstring": "Needed to allow reception of requests/responses in character sets other than ASCII,LATIN-1,UTF-8",
                "ext-zlib": "Needed for sending compressed requests and receiving compressed responses, if cURL is not available",
                "phpxmlrpc/extras": "Adds more featured Server classes, including self-documenting and ajax-enabled servers",
                "phpxmlrpc/jsonrpc": "Adds support for the JSON-RPC protocol"
            },
            "type": "library",
            "autoload": {
                "psr-4": {
                    "PhpXmlRpc\\": "src/"
                }
            },
            "notification-url": "https://packagist.org/downloads/",
            "license": [
                "BSD-3-Clause"
            ],
            "description": "A php library for building xmlrpc clients and servers",
            "homepage": "https://gggeek.github.io/phpxmlrpc/",
            "keywords": [
                "webservices",
                "xml-rpc",
                "xmlrpc"
            ],
            "support": {
                "issues": "https://github.com/gggeek/phpxmlrpc/issues",
                "source": "https://github.com/gggeek/phpxmlrpc/tree/4.11.0"
            },
            "time": "2024-09-07T14:44:05+00:00"
        },
        {
            "name": "phpxmlrpc/polyfill-xmlrpc",
            "version": "1.0.0",
            "source": {
                "type": "git",
                "url": "https://github.com/gggeek/polyfill-xmlrpc.git",
                "reference": "2c79dc261569a70ef9cd047b234a49be23598a3d"
            },
            "dist": {
                "type": "zip",
                "url": "https://api.github.com/repos/gggeek/polyfill-xmlrpc/zipball/2c79dc261569a70ef9cd047b234a49be23598a3d",
                "reference": "2c79dc261569a70ef9cd047b234a49be23598a3d",
                "shasum": ""
            },
            "require": {
                "php": "^5.4.0 || ^7.0 || ^8.0",
                "phpxmlrpc/phpxmlrpc": "^4.10.2"
            },
            "provide": {
                "ext-xmlrpc": "*"
            },
            "require-dev": {
                "ext-curl": "*",
                "phpunit/phpunit": "^4.8 || ^5.0 || ^8.5.12",
                "phpunit/phpunit-selenium": "*",
                "yoast/phpunit-polyfills": "*"
            },
            "suggest": {
                "ext-iconv": "Required when using anything other than utf-8 as target encoding for the decoded xml",
                "ext-xmlrpc": "Recommended for running the test suite. We can not declare it in require-dev because it is missing in php 8"
            },
            "type": "library",
            "autoload": {
                "files": [
                    "bootstrap.php"
                ],
                "psr-4": {
                    "PhpXmlRpc\\Polyfill\\XmlRpc\\": "src/"
                }
            },
            "notification-url": "https://packagist.org/downloads/",
            "license": [
                "BSD-3-Clause"
            ],
            "description": "A pure-php reimplementation of the API exposed by the native XML-RPC extension",
            "keywords": [
                "extension",
                "php",
                "polyfill",
                "webservices",
                "xmlrpc"
            ],
            "support": {
                "issues": "https://github.com/gggeek/polyfill-xmlrpc/issues",
                "source": "https://github.com/gggeek/polyfill-xmlrpc/tree/1.0.0"
            },
            "time": "2024-04-15T11:49:22+00:00"
        },
        {
            "name": "psr/http-message",
            "version": "1.1",
            "source": {
                "type": "git",
                "url": "https://github.com/php-fig/http-message.git",
                "reference": "cb6ce4845ce34a8ad9e68117c10ee90a29919eba"
            },
            "dist": {
                "type": "zip",
                "url": "https://api.github.com/repos/php-fig/http-message/zipball/cb6ce4845ce34a8ad9e68117c10ee90a29919eba",
                "reference": "cb6ce4845ce34a8ad9e68117c10ee90a29919eba",
                "shasum": ""
            },
            "require": {
                "php": "^7.2 || ^8.0"
            },
            "type": "library",
            "extra": {
                "branch-alias": {
                    "dev-master": "1.1.x-dev"
                }
            },
            "autoload": {
                "psr-4": {
                    "Psr\\Http\\Message\\": "src/"
                }
            },
            "notification-url": "https://packagist.org/downloads/",
            "license": [
                "MIT"
            ],
            "authors": [
                {
                    "name": "PHP-FIG",
                    "homepage": "http://www.php-fig.org/"
                }
            ],
            "description": "Common interface for HTTP messages",
            "homepage": "https://github.com/php-fig/http-message",
            "keywords": [
                "http",
                "http-message",
                "psr",
                "psr-7",
                "request",
                "response"
            ],
            "support": {
                "source": "https://github.com/php-fig/http-message/tree/1.1"
            },
            "time": "2023-04-04T09:50:52+00:00"
        },
        {
            "name": "psr/log",
            "version": "1.1.4",
            "source": {
                "type": "git",
                "url": "https://github.com/php-fig/log.git",
                "reference": "d49695b909c3b7628b6289db5479a1c204601f11"
            },
            "dist": {
                "type": "zip",
                "url": "https://api.github.com/repos/php-fig/log/zipball/d49695b909c3b7628b6289db5479a1c204601f11",
                "reference": "d49695b909c3b7628b6289db5479a1c204601f11",
                "shasum": ""
            },
            "require": {
                "php": ">=5.3.0"
            },
            "type": "library",
            "extra": {
                "branch-alias": {
                    "dev-master": "1.1.x-dev"
                }
            },
            "autoload": {
                "psr-4": {
                    "Psr\\Log\\": "Psr/Log/"
                }
            },
            "notification-url": "https://packagist.org/downloads/",
            "license": [
                "MIT"
            ],
            "authors": [
                {
                    "name": "PHP-FIG",
                    "homepage": "https://www.php-fig.org/"
                }
            ],
            "description": "Common interface for logging libraries",
            "homepage": "https://github.com/php-fig/log",
            "keywords": [
                "log",
                "psr",
                "psr-3"
            ],
            "support": {
                "source": "https://github.com/php-fig/log/tree/1.1.4"
            },
            "time": "2021-05-03T11:20:27+00:00"
        },
        {
            "name": "symfony/css-selector",
            "version": "v5.4.45",
            "source": {
                "type": "git",
                "url": "https://github.com/symfony/css-selector.git",
                "reference": "4f7f3c35fba88146b56d0025d20ace3f3901f097"
            },
            "dist": {
                "type": "zip",
                "url": "https://api.github.com/repos/symfony/css-selector/zipball/4f7f3c35fba88146b56d0025d20ace3f3901f097",
                "reference": "4f7f3c35fba88146b56d0025d20ace3f3901f097",
                "shasum": ""
            },
            "require": {
                "php": ">=7.2.5",
                "symfony/polyfill-php80": "^1.16"
            },
            "type": "library",
            "autoload": {
                "psr-4": {
                    "Symfony\\Component\\CssSelector\\": ""
                },
                "exclude-from-classmap": [
                    "/Tests/"
                ]
            },
            "notification-url": "https://packagist.org/downloads/",
            "license": [
                "MIT"
            ],
            "authors": [
                {
                    "name": "Fabien Potencier",
                    "email": "fabien@symfony.com"
                },
                {
                    "name": "Jean-François Simon",
                    "email": "jeanfrancois.simon@sensiolabs.com"
                },
                {
                    "name": "Symfony Community",
                    "homepage": "https://symfony.com/contributors"
                }
            ],
            "description": "Converts CSS selectors to XPath expressions",
            "homepage": "https://symfony.com",
            "support": {
                "source": "https://github.com/symfony/css-selector/tree/v5.4.45"
            },
            "funding": [
                {
                    "url": "https://symfony.com/sponsor",
                    "type": "custom"
                },
                {
                    "url": "https://github.com/fabpot",
                    "type": "github"
                },
                {
                    "url": "https://tidelift.com/funding/github/packagist/symfony/symfony",
                    "type": "tidelift"
                }
            ],
            "time": "2024-09-25T14:11:13+00:00"
        },
        {
            "name": "symfony/polyfill-php80",
            "version": "v1.31.0",
            "source": {
                "type": "git",
                "url": "https://github.com/symfony/polyfill-php80.git",
                "reference": "60328e362d4c2c802a54fcbf04f9d3fb892b4cf8"
            },
            "dist": {
                "type": "zip",
                "url": "https://api.github.com/repos/symfony/polyfill-php80/zipball/60328e362d4c2c802a54fcbf04f9d3fb892b4cf8",
                "reference": "60328e362d4c2c802a54fcbf04f9d3fb892b4cf8",
                "shasum": ""
            },
            "require": {
                "php": ">=7.2"
            },
            "type": "library",
            "extra": {
                "thanks": {
                    "name": "symfony/polyfill",
                    "url": "https://github.com/symfony/polyfill"
                }
            },
            "autoload": {
                "files": [
                    "bootstrap.php"
                ],
                "psr-4": {
                    "Symfony\\Polyfill\\Php80\\": ""
                },
                "classmap": [
                    "Resources/stubs"
                ]
            },
            "notification-url": "https://packagist.org/downloads/",
            "license": [
                "MIT"
            ],
            "authors": [
                {
                    "name": "Ion Bazan",
                    "email": "ion.bazan@gmail.com"
                },
                {
                    "name": "Nicolas Grekas",
                    "email": "p@tchwork.com"
                },
                {
                    "name": "Symfony Community",
                    "homepage": "https://symfony.com/contributors"
                }
            ],
            "description": "Symfony polyfill backporting some PHP 8.0+ features to lower PHP versions",
            "homepage": "https://symfony.com",
            "keywords": [
                "compatibility",
                "polyfill",
                "portable",
                "shim"
            ],
            "support": {
                "source": "https://github.com/symfony/polyfill-php80/tree/v1.31.0"
            },
            "funding": [
                {
                    "url": "https://symfony.com/sponsor",
                    "type": "custom"
                },
                {
                    "url": "https://github.com/fabpot",
                    "type": "github"
                },
                {
                    "url": "https://tidelift.com/funding/github/packagist/symfony/symfony",
                    "type": "tidelift"
                }
            ],
            "time": "2024-09-09T11:45:10+00:00"
        },
        {
            "name": "voku/simple_html_dom",
            "version": "4.8.10",
            "source": {
                "type": "git",
                "url": "https://github.com/voku/simple_html_dom.git",
                "reference": "716822ed52ed3a1881542be07a786270de390e99"
            },
            "dist": {
                "type": "zip",
                "url": "https://api.github.com/repos/voku/simple_html_dom/zipball/716822ed52ed3a1881542be07a786270de390e99",
                "reference": "716822ed52ed3a1881542be07a786270de390e99",
                "shasum": ""
            },
            "require": {
                "ext-dom": "*",
                "ext-libxml": "*",
                "ext-simplexml": "*",
                "php": ">=7.0.0",
                "symfony/css-selector": "~3.0 || ~4.0 || ~5.0 || ~6.0 || ~7.0"
            },
            "require-dev": {
                "phpunit/phpunit": "~6.0 || ~7.0 || ~9.0"
            },
            "suggest": {
                "voku/portable-utf8": "If you need e.g. UTF-8 fixed output."
            },
            "type": "library",
            "autoload": {
                "psr-4": {
                    "voku\\helper\\": "src/voku/helper/"
                }
            },
            "notification-url": "https://packagist.org/downloads/",
            "license": [
                "MIT"
            ],
            "authors": [
                {
                    "name": "dimabdc",
                    "email": "support@titor.ru",
                    "homepage": "https://github.com/dimabdc",
                    "role": "Developer"
                },
                {
                    "name": "Lars Moelleken",
                    "homepage": "https://www.moelleken.org/",
                    "role": "Fork-Maintainer"
                }
            ],
            "description": "Simple HTML DOM package.",
            "homepage": "https://github.com/voku/simple_html_dom",
            "keywords": [
                "HTML Parser",
                "dom",
                "php dom"
            ],
            "support": {
                "issues": "https://github.com/voku/simple_html_dom/issues",
                "source": "https://github.com/voku/simple_html_dom/tree/4.8.10"
            },
            "funding": [
                {
                    "url": "https://www.paypal.me/moelleken",
                    "type": "custom"
                },
                {
                    "url": "https://github.com/voku",
                    "type": "github"
                },
                {
                    "url": "https://www.patreon.com/voku",
                    "type": "patreon"
                },
                {
                    "url": "https://tidelift.com/funding/github/packagist/voku/simple_html_dom",
                    "type": "tidelift"
                }
            ],
            "time": "2024-07-03T16:05:14+00:00"
        }
    ],
    "packages-dev": [],
    "aliases": [],
    "minimum-stability": "stable",
    "stability-flags": [],
    "prefer-stable": false,
    "prefer-lowest": false,
    "platform": [],
    "platform-dev": [],
    "plugin-api-version": "2.1.0"
}
